{
  "name": "workloadtruth-cli",
  "version": "0.1.0",
  "lockfileVersion": 3,
  "requires": true,
  "packages": {
    "": {
      "name": "workloadtruth-cli",
      "version": "0.1.0",
      "license": "Apache-2.0",
      "bin": {
        "workloadtruth-cli": "bin/workloadtruth-cli.js"
      },
      "engines": {
        "node": ">=18"
      }
    }
  }
}
